github.com/ernesto-jimenez/httplogger v0.0.0-20150224132909-86cc44f6150a h1:XTdOK/wISWQFdWj1D9c3DagauL22s0eMPL70K0pMuw4=
github.com/ernesto-jimenez/httplogger v0.0.0-20150224132909-86cc44f6150a/go.mod h1:zroVJTjbZUlS0lcewJlcPsS6JQIoFWePhxjOF0/n0f4=
github.com/google/go-querystring v1.0.0 h1:Xkwi/a1rcvNg1PPYe5vI8GbeBY/jrVuDX5ASuANWTrk=
github.com/google/go-querystring v1.0.0/go.mod h1:odCYkC5MyYFN7vkCjXpyrEuKhc/BUO6wN/zVPAxq5ck=
github.com/gorilla/mux v1.7.4 h1:VuZ8uybHlWmqV03+zRzdwKL4tUnIp1MAQtp1mIFE1bc=
github.com/gorilla/mux v1.7.4/go.mod h1:DVbg23sWSpFRCP0SfiEN6jmj59UnW/n46BH5rLB71So=
github.com/joho/godotenv v1.3.0 h1:Zjp+RcGpHhGlrMbJzXTrZZPrWj+1vfm90La1wgB6Bhc=
github.com/joho/godotenv v1.3.0/go.mod h1:7hK45KPybAkOC6peb+G5yklZfMxEjkZhHbwpqxOKXbg=
github.com/zhutik/adyen-api-go v0.0.0-20200309114350-6d481737b6f7 h1:WBN5KQEjk8lubV+ognaUPX+Hd1of2UdSGhmlEh5vKsY=
github.com/zhutik/adyen-api-go v0.0.0-20200309114350-6d481737b6f7/go.mod h1:pAstUsBD/ymNyWuq6L944J2cXyoHJ347LiBptp2ANkY=
